
Microsoft Visual Studio Solution File, Format Version 12.00
# Visual Studio Version 16
VisualStudioVersion = 16.0.31729.503
MinimumVisualStudioVersion = 10.0.40219.1
Project("{FAE04EC0-301F-11D3-BF4B-00C04F79EFBC}") = "WebShop", "WebShop\WebShop.csproj", "{A8985381-C48F-4977-873C-2DED83DB28C9}"
EndProject
Global
	GlobalSection(SolutionConfigurationPlatforms) = preSolution
		Debug|Any CPU = Debug|Any CPU
		Release|Any CPU = Release|Any CPU
	EndGlobalSection
	GlobalSection(ProjectConfigurationPlatforms) = postSolution
		{A8985381-C48F-4977-873C-2DED83DB28C9}.Debug|Any CPU.ActiveCfg = Debug|Any CPU
		{A8985381-C48F-4977-873C-2DED83DB28C9}.Debug|Any CPU.Build.0 = Debug|Any CPU
		{A8985381-C48F-4977-873C-2DED83DB28C9}.Release|Any CPU.ActiveCfg = Release|Any CPU
		{A8985381-C48F-4977-873C-2DED83DB28C9}.Release|Any CPU.Build.0 = Release|Any CPU
	EndGlobalSection
	GlobalSection(SolutionProperties) = preSolution
		HideSolutionNode = FALSE
	EndGlobalSection
	GlobalSection(ExtensibilityGlobals) = postSolution
		SolutionGuid = {83209507-8063-4B37-BFA1-0EBEFCD256A1}
	EndGlobalSection
EndGlobal
